
Microsoft Visual Studio Solution File, Format Version 12.00
# Visual Studio Version 17
VisualStudioVersion = 17.7.34009.444
MinimumVisualStudioVersion = 10.0.40219.1
Project("{FAE04EC0-301F-11D3-BF4B-00C04F79EFBC}") = "Task1", "Task1.csproj", "{B7A6DCE2-2930-4D29-9151-FB60C7E1C3EA}"
EndProject
Global
	GlobalSection(SolutionConfigurationPlatforms) = preSolution
		Debug|Any CPU = Debug|Any CPU
		Release|Any CPU = Release|Any CPU
	EndGlobalSection
	GlobalSection(ProjectConfigurationPlatforms) = postSolution
		{B7A6DCE2-2930-4D29-9151-FB60C7E1C3EA}.Debug|Any CPU.ActiveCfg = Debug|Any CPU
		{B7A6DCE2-2930-4D29-9151-FB60C7E1C3EA}.Debug|Any CPU.Build.0 = Debug|Any CPU
		{B7A6DCE2-2930-4D29-9151-FB60C7E1C3EA}.Release|Any CPU.ActiveCfg = Release|Any CPU
		{B7A6DCE2-2930-4D29-9151-FB60C7E1C3EA}.Release|Any CPU.Build.0 = Release|Any CPU
	EndGlobalSection
	GlobalSection(SolutionProperties) = preSolution
		HideSolutionNode = FALSE
	EndGlobalSection
	GlobalSection(ExtensibilityGlobals) = postSolution
		SolutionGuid = {C97930E6-96F0-4C5C-B211-8EDB9B880384}
	EndGlobalSection
EndGlobal
